<?xml version="1.0" encoding="utf-8"?>
<Project ToolsVersion="4.0" xmlns="http://schemas.microsoft.com/developer/msbuild/2003">
  <ItemGroup>
    <Filter Include="Quelldateien">
      <UniqueIdentifier>{4FC737F1-C7A5-4376-A066-2A32D752A2FF}</UniqueIdentifier>
      <Extensions>cpp;c;cc;cxx;def;odl;idl;hpj;bat;asm;asmx</Extensions>
    </Filter>
    <Filter Include="Headerdateien">
      <UniqueIdentifier>{93995380-89BD-4b04-88EB-625FBE52EBFB}</UniqueIdentifier>
      <Extensions>h;hh;hpp;hxx;hm;inl;inc;ipp;xsd</Extensions>
    </Filter>
    <Filter Include="Ressourcendateien">
      <UniqueIdentifier>{67DA6AB6-F800-4c08-8B7A-83BB121AAD01}</UniqueIdentifier>
      <Extensions>rc;ico;cur;bmp;dlg;rc2;rct;bin;rgs;gif;jpg;jpeg;jpe;resx;tiff;tif;png;wav;mfcribbon-ms</Extensions>
    </Filter>
    <Filter Include="Headerdateien\libpcap">
      <UniqueIdentifier>{d83ea0b1-834a-4344-ac5f-a383c395364a}</UniqueIdentifier>
    </Filter>
    <Filter Include="Quelldateien\libpcap">
      <UniqueIdentifier>{8fd2b08f-2480-4eeb-9b44-092d592bb613}</UniqueIdentifier>
    </Filter>
    <Filter Include="Headerdateien\apple_pklg">
      <UniqueIdentifier>{8bdd750a-1a6f-45be-91db-e57057f08e62}</UniqueIdentifier>
    </Filter>
    <Filter Include="Quelldateien\apple_pklg">
      <UniqueIdentifier>{c0b37d1f-819e-4c93-9a94-bda46cc39ebb}</UniqueIdentifier>
    </Filter>
    <Filter Include="Headerdateien\sdp">
      <UniqueIdentifier>{73adfa7a-42d4-4985-bf87-eb5f5dbac912}</UniqueIdentifier>
    </Filter>
    <Filter Include="Quelldateien\sdp">
      <UniqueIdentifier>{53977dbc-465a-4717-a8b3-86ec3b5cceb4}</UniqueIdentifier>
    </Filter>
  </ItemGroup>
  <ItemGroup>
    <ClCompile Include="hci_test.cpp">
      <Filter>Quelldateien</Filter>
    </ClCompile>
    <ClCompile Include="..\..\..\..\libpcap\libpcap.cpp">
      <Filter>Quelldateien\libpcap</Filter>
    </ClCompile>
    <ClCompile Include="..\..\..\..\apple_pklg\pklg.cpp">
      <Filter>Quelldateien\apple_pklg</Filter>
    </ClCompile>
    <ClCompile Include="spp_client.cpp">
      <Filter>Quelldateien</Filter>
    </ClCompile>
    <ClCompile Include="..\..\..\..\sdp\sdp.cpp">
      <Filter>Quelldateien\sdp</Filter>
    </ClCompile>
    <ClCompile Include="sdp_test.cpp">
      <Filter>Quelldateien</Filter>
    </ClCompile>
    <ClCompile Include="hci.cpp">
      <Filter>Quelldateien</Filter>
    </ClCompile>
    <ClCompile Include="link_key_database.cpp">
      <Filter>Quelldateien</Filter>
    </ClCompile>
    <ClCompile Include="link_key_database_test.cpp">
      <Filter>Quelldateien</Filter>
    </ClCompile>
    <ClCompile Include="l2cap.cpp">
      <Filter>Quelldateien</Filter>
    </ClCompile>
  </ItemGroup>
  <ItemGroup>
    <ClInclude Include="..\..\..\..\libpcap\libpcap.h">
      <Filter>Headerdateien\libpcap</Filter>
    </ClInclude>
    <ClInclude Include="..\..\..\..\apple_pklg\pklg.h">
      <Filter>Headerdateien\apple_pklg</Filter>
    </ClInclude>
    <ClInclude Include="hci.h">
      <Filter>Headerdateien</Filter>
    </ClInclude>
    <ClInclude Include="command_template.h">
      <Filter>Headerdateien</Filter>
    </ClInclude>
    <ClInclude Include="..\..\..\..\sdp\sdp.h">
      <Filter>Headerdateien\sdp</Filter>
    </ClInclude>
    <ClInclude Include="link_key_database.h">
      <Filter>Headerdateien</Filter>
    </ClInclude>
    <ClInclude Include="link_key_database_test.h">
      <Filter>Headerdateien</Filter>
    </ClInclude>
    <ClInclude Include="l2cap.h">
      <Filter>Headerdateien</Filter>
    </ClInclude>
  </ItemGroup>
</Project>